
Microsoft Visual Studio Solution File, Format Version 12.00
# Visual Studio 15
VisualStudioVersion = 15.0.26430.12
MinimumVisualStudioVersion = 10.0.40219.1
Project("{FAE04EC0-301F-11D3-BF4B-00C04F79EFBC}") = "Example01", "Example01\Example01.csproj", "{2BBC8231-0057-420D-848E-CBF292FC8062}"
EndProject
Project("{FAE04EC0-301F-11D3-BF4B-00C04F79EFBC}") = "PokemonLibrary", "..\PokemonLibrary\PokemonLibrary\PokemonLibrary.csproj", "{246A8E3D-BCF4-49DC-AA33-0D447582943D}"
EndProject
Project("{FAE04EC0-301F-11D3-BF4B-00C04F79EFBC}") = "EasyMathLibrary", "..\EasyMathLibrary\EasyMathLibrary\EasyMathLibrary.csproj", "{2650556A-22DF-48AE-9450-5DF2EA805F44}"
EndProject
Project("{FAE04EC0-301F-11D3-BF4B-00C04F79EFBC}") = "Example02", "Example02\Example02.csproj", "{A4D055E5-1C7B-47BB-A05B-FC0EE4D8C3FD}"
EndProject
Project("{FAE04EC0-301F-11D3-BF4B-00C04F79EFBC}") = "Example03", "Example03\Example03.csproj", "{137F6763-6243-48C5-BCE5-4F014C8EB210}"
EndProject
Global
	GlobalSection(SolutionConfigurationPlatforms) = preSolution
		Debug|Any CPU = Debug|Any CPU
		Release|Any CPU = Release|Any CPU
	EndGlobalSection
	GlobalSection(ProjectConfigurationPlatforms) = postSolution
		{2BBC8231-0057-420D-848E-CBF292FC8062}.Debug|Any CPU.ActiveCfg = Debug|Any CPU
		{2BBC8231-0057-420D-848E-CBF292FC8062}.Debug|Any CPU.Build.0 = Debug|Any CPU
		{2BBC8231-0057-420D-848E-CBF292FC8062}.Release|Any CPU.ActiveCfg = Release|Any CPU
		{2BBC8231-0057-420D-848E-CBF292FC8062}.Release|Any CPU.Build.0 = Release|Any CPU
		{246A8E3D-BCF4-49DC-AA33-0D447582943D}.Debug|Any CPU.ActiveCfg = Debug|Any CPU
		{246A8E3D-BCF4-49DC-AA33-0D447582943D}.Debug|Any CPU.Build.0 = Debug|Any CPU
		{246A8E3D-BCF4-49DC-AA33-0D447582943D}.Release|Any CPU.ActiveCfg = Release|Any CPU
		{246A8E3D-BCF4-49DC-AA33-0D447582943D}.Release|Any CPU.Build.0 = Release|Any CPU
		{2650556A-22DF-48AE-9450-5DF2EA805F44}.Debug|Any CPU.ActiveCfg = Debug|Any CPU
		{2650556A-22DF-48AE-9450-5DF2EA805F44}.Debug|Any CPU.Build.0 = Debug|Any CPU
		{2650556A-22DF-48AE-9450-5DF2EA805F44}.Release|Any CPU.ActiveCfg = Release|Any CPU
		{2650556A-22DF-48AE-9450-5DF2EA805F44}.Release|Any CPU.Build.0 = Release|Any CPU
		{A4D055E5-1C7B-47BB-A05B-FC0EE4D8C3FD}.Debug|Any CPU.ActiveCfg = Debug|Any CPU
		{A4D055E5-1C7B-47BB-A05B-FC0EE4D8C3FD}.Debug|Any CPU.Build.0 = Debug|Any CPU
		{A4D055E5-1C7B-47BB-A05B-FC0EE4D8C3FD}.Release|Any CPU.ActiveCfg = Release|Any CPU
		{A4D055E5-1C7B-47BB-A05B-FC0EE4D8C3FD}.Release|Any CPU.Build.0 = Release|Any CPU
		{137F6763-6243-48C5-BCE5-4F014C8EB210}.Debug|Any CPU.ActiveCfg = Debug|Any CPU
		{137F6763-6243-48C5-BCE5-4F014C8EB210}.Debug|Any CPU.Build.0 = Debug|Any CPU
		{137F6763-6243-48C5-BCE5-4F014C8EB210}.Release|Any CPU.ActiveCfg = Release|Any CPU
		{137F6763-6243-48C5-BCE5-4F014C8EB210}.Release|Any CPU.Build.0 = Release|Any CPU
	EndGlobalSection
	GlobalSection(SolutionProperties) = preSolution
		HideSolutionNode = FALSE
	EndGlobalSection
EndGlobal
