
Microsoft Visual Studio Solution File, Format Version 12.00
# Visual Studio 15
VisualStudioVersion = 15.0.26430.6
MinimumVisualStudioVersion = 10.0.40219.1
Project("{FAE04EC0-301F-11D3-BF4B-00C04F79EFBC}") = "Example01", "Example01\Example01.csproj", "{D85740CF-99B3-43FD-BC9C-382975A0E768}"
EndProject
Project("{FAE04EC0-301F-11D3-BF4B-00C04F79EFBC}") = "Example02", "Example02\Example02.csproj", "{6AE1AB73-EAC1-416F-9C62-66ABF6A9D67D}"
EndProject
Global
	GlobalSection(SolutionConfigurationPlatforms) = preSolution
		Debug|Any CPU = Debug|Any CPU
		Release|Any CPU = Release|Any CPU
	EndGlobalSection
	GlobalSection(ProjectConfigurationPlatforms) = postSolution
		{D85740CF-99B3-43FD-BC9C-382975A0E768}.Debug|Any CPU.ActiveCfg = Debug|Any CPU
		{D85740CF-99B3-43FD-BC9C-382975A0E768}.Debug|Any CPU.Build.0 = Debug|Any CPU
		{D85740CF-99B3-43FD-BC9C-382975A0E768}.Release|Any CPU.ActiveCfg = Release|Any CPU
		{D85740CF-99B3-43FD-BC9C-382975A0E768}.Release|Any CPU.Build.0 = Release|Any CPU
		{6AE1AB73-EAC1-416F-9C62-66ABF6A9D67D}.Debug|Any CPU.ActiveCfg = Debug|Any CPU
		{6AE1AB73-EAC1-416F-9C62-66ABF6A9D67D}.Debug|Any CPU.Build.0 = Debug|Any CPU
		{6AE1AB73-EAC1-416F-9C62-66ABF6A9D67D}.Release|Any CPU.ActiveCfg = Release|Any CPU
		{6AE1AB73-EAC1-416F-9C62-66ABF6A9D67D}.Release|Any CPU.Build.0 = Release|Any CPU
	EndGlobalSection
	GlobalSection(SolutionProperties) = preSolution
		HideSolutionNode = FALSE
	EndGlobalSection
EndGlobal
